
Microsoft Visual Studio Solution File, Format Version 12.00
# Visual Studio Version 17
VisualStudioVersion = 17.4.33110.190
MinimumVisualStudioVersion = 10.0.40219.1
Project("{9A19103F-16F7-4668-BE54-9A1E7A4F7556}") = "AdventOfCode2022_Day1", "AdventOfCode2022_Day1\AdventOfCode2022_Day1.csproj", "{B1026CBF-81E9-4340-856C-04E645867636}"
EndProject
Project("{9A19103F-16F7-4668-BE54-9A1E7A4F7556}") = "AdventOfCode2022_Day2", "AdventOfCode2022_Day2\AdventOfCode2022_Day2.csproj", "{3F226F07-ED4F-4077-8C6C-77CF365CC373}"
EndProject
Project("{2150E333-8FDC-42A3-9474-1A3956D46DE8}") = "Solution Items", "Solution Items", "{036C84E0-76AF-497B-8D0F-B622A43C4112}"
	ProjectSection(SolutionItems) = preProject
		README.md = README.md
	EndProjectSection
EndProject
Project("{9A19103F-16F7-4668-BE54-9A1E7A4F7556}") = "AdventOfCode2022_Day3", "AdventOfCode2022_Day3\AdventOfCode2022_Day3.csproj", "{3FE16244-2AC6-4907-80DC-8CBF21C8451D}"
EndProject
Project("{9A19103F-16F7-4668-BE54-9A1E7A4F7556}") = "AdventOfCode2022_Day4", "AdventOfCode2022_Day4\AdventOfCode2022_Day4.csproj", "{5C15ECD4-D1BD-44EF-BBD0-F64AFE253077}"
EndProject
Project("{9A19103F-16F7-4668-BE54-9A1E7A4F7556}") = "AdventOfCode2022_Day5", "AdventOfCode2022_Day5\AdventOfCode2022_Day5.csproj", "{C0883B19-D34C-4EB3-99B6-815D30584477}"
EndProject
Project("{9A19103F-16F7-4668-BE54-9A1E7A4F7556}") = "AdventOfCode2022_Day6", "AdventOfCode2022_Day6\AdventOfCode2022_Day6.csproj", "{48E2D277-1E46-44FD-89A2-D12003C6E13B}"
EndProject
Project("{FAE04EC0-301F-11D3-BF4B-00C04F79EFBC}") = "AdventOfCode2022_Day7", "AdventOfCode2022_Day7\AdventOfCode2022_Day7.csproj", "{10AA4E82-0885-4537-A5F1-A12331F17AD9}"
EndProject
Global
	GlobalSection(SolutionConfigurationPlatforms) = preSolution
		Debug|Any CPU = Debug|Any CPU
		Release|Any CPU = Release|Any CPU
	EndGlobalSection
	GlobalSection(ProjectConfigurationPlatforms) = postSolution
		{B1026CBF-81E9-4340-856C-04E645867636}.Debug|Any CPU.ActiveCfg = Debug|Any CPU
		{B1026CBF-81E9-4340-856C-04E645867636}.Debug|Any CPU.Build.0 = Debug|Any CPU
		{B1026CBF-81E9-4340-856C-04E645867636}.Release|Any CPU.ActiveCfg = Release|Any CPU
		{B1026CBF-81E9-4340-856C-04E645867636}.Release|Any CPU.Build.0 = Release|Any CPU
		{3F226F07-ED4F-4077-8C6C-77CF365CC373}.Debug|Any CPU.ActiveCfg = Debug|Any CPU
		{3F226F07-ED4F-4077-8C6C-77CF365CC373}.Debug|Any CPU.Build.0 = Debug|Any CPU
		{3F226F07-ED4F-4077-8C6C-77CF365CC373}.Release|Any CPU.ActiveCfg = Release|Any CPU
		{3F226F07-ED4F-4077-8C6C-77CF365CC373}.Release|Any CPU.Build.0 = Release|Any CPU
		{3FE16244-2AC6-4907-80DC-8CBF21C8451D}.Debug|Any CPU.ActiveCfg = Debug|Any CPU
		{3FE16244-2AC6-4907-80DC-8CBF21C8451D}.Debug|Any CPU.Build.0 = Debug|Any CPU
		{3FE16244-2AC6-4907-80DC-8CBF21C8451D}.Release|Any CPU.ActiveCfg = Release|Any CPU
		{3FE16244-2AC6-4907-80DC-8CBF21C8451D}.Release|Any CPU.Build.0 = Release|Any CPU
		{5C15ECD4-D1BD-44EF-BBD0-F64AFE253077}.Debug|Any CPU.ActiveCfg = Debug|Any CPU
		{5C15ECD4-D1BD-44EF-BBD0-F64AFE253077}.Debug|Any CPU.Build.0 = Debug|Any CPU
		{5C15ECD4-D1BD-44EF-BBD0-F64AFE253077}.Release|Any CPU.ActiveCfg = Release|Any CPU
		{5C15ECD4-D1BD-44EF-BBD0-F64AFE253077}.Release|Any CPU.Build.0 = Release|Any CPU
		{C0883B19-D34C-4EB3-99B6-815D30584477}.Debug|Any CPU.ActiveCfg = Debug|Any CPU
		{C0883B19-D34C-4EB3-99B6-815D30584477}.Debug|Any CPU.Build.0 = Debug|Any CPU
		{C0883B19-D34C-4EB3-99B6-815D30584477}.Release|Any CPU.ActiveCfg = Release|Any CPU
		{C0883B19-D34C-4EB3-99B6-815D30584477}.Release|Any CPU.Build.0 = Release|Any CPU
		{48E2D277-1E46-44FD-89A2-D12003C6E13B}.Debug|Any CPU.ActiveCfg = Debug|Any CPU
		{48E2D277-1E46-44FD-89A2-D12003C6E13B}.Debug|Any CPU.Build.0 = Debug|Any CPU
		{48E2D277-1E46-44FD-89A2-D12003C6E13B}.Release|Any CPU.ActiveCfg = Release|Any CPU
		{48E2D277-1E46-44FD-89A2-D12003C6E13B}.Release|Any CPU.Build.0 = Release|Any CPU
		{10AA4E82-0885-4537-A5F1-A12331F17AD9}.Debug|Any CPU.ActiveCfg = Debug|Any CPU
		{10AA4E82-0885-4537-A5F1-A12331F17AD9}.Debug|Any CPU.Build.0 = Debug|Any CPU
		{10AA4E82-0885-4537-A5F1-A12331F17AD9}.Release|Any CPU.ActiveCfg = Release|Any CPU
		{10AA4E82-0885-4537-A5F1-A12331F17AD9}.Release|Any CPU.Build.0 = Release|Any CPU
	EndGlobalSection
	GlobalSection(SolutionProperties) = preSolution
		HideSolutionNode = FALSE
	EndGlobalSection
	GlobalSection(ExtensibilityGlobals) = postSolution
		SolutionGuid = {22BA1356-811A-4D08-93B7-0C073C0300AD}
	EndGlobalSection
EndGlobal
