
Microsoft Visual Studio Solution File, Format Version 12.00
# Visual Studio Version 17
VisualStudioVersion = 17.4.33110.190
MinimumVisualStudioVersion = 10.0.40219.1
Project("{2150E333-8FDC-42A3-9474-1A3956D46DE8}") = "Solution Items", "Solution Items", "{036C84E0-76AF-497B-8D0F-B622A43C4112}"
	ProjectSection(SolutionItems) = preProject
		README.md = README.md
	EndProjectSection
EndProject
Project("{9A19103F-16F7-4668-BE54-9A1E7A4F7556}") = "AdventOfCode2022_Day10", "AdventOfCode2022_Day10\AdventOfCode2022_Day10.csproj", "{2DB08E06-3647-4A43-BF3C-4ED545902E1F}"
EndProject
Project("{9A19103F-16F7-4668-BE54-9A1E7A4F7556}") = "AdventOfCode2022_Day11", "AdventOfCode2022_Day11\AdventOfCode2022_Day11.csproj", "{87274538-7522-4577-B409-2DA79438CAC6}"
EndProject
Project("{9A19103F-16F7-4668-BE54-9A1E7A4F7556}") = "AdventOfCode2022_Day01", "AdventOfCode2022_Day01\AdventOfCode2022_Day01.csproj", "{5D1695AC-4D06-4E2D-B606-E53277FDA922}"
EndProject
Project("{9A19103F-16F7-4668-BE54-9A1E7A4F7556}") = "AdventOfCode2022_Day02", "AdventOfCode2022_Day02\AdventOfCode2022_Day02.csproj", "{FDE0DAD0-250E-4E5F-A496-37D68C580CFC}"
EndProject
Project("{9A19103F-16F7-4668-BE54-9A1E7A4F7556}") = "AdventOfCode2022_Day03", "AdventOfCode2022_Day03\AdventOfCode2022_Day03.csproj", "{38CC93D1-BC8E-487C-857E-9AF810DCCACC}"
EndProject
Project("{9A19103F-16F7-4668-BE54-9A1E7A4F7556}") = "AdventOfCode2022_Day04", "AdventOfCode2022_Day04\AdventOfCode2022_Day04.csproj", "{B0434D94-111E-44D2-9EA0-DAE5E8D94293}"
EndProject
Project("{9A19103F-16F7-4668-BE54-9A1E7A4F7556}") = "AdventOfCode2022_Day05", "AdventOfCode2022_Day05\AdventOfCode2022_Day05.csproj", "{8E9D1750-7241-415A-BD19-60F809DB0404}"
EndProject
Project("{9A19103F-16F7-4668-BE54-9A1E7A4F7556}") = "AdventOfCode2022_Day06", "AdventOfCode2022_Day06\AdventOfCode2022_Day06.csproj", "{7AB78235-4065-4745-9070-3E6B3DF1FAB6}"
EndProject
Project("{9A19103F-16F7-4668-BE54-9A1E7A4F7556}") = "AdventOfCode2022_Day07", "AdventOfCode2022_Day07\AdventOfCode2022_Day07.csproj", "{DF060D6F-E07E-462D-B62B-123FBA3C4320}"
EndProject
Project("{9A19103F-16F7-4668-BE54-9A1E7A4F7556}") = "AdventOfCode2022_Day08", "AdventOfCode2022_Day08\AdventOfCode2022_Day08.csproj", "{722DA090-9238-40ED-BC87-7EFE3911810D}"
EndProject
Project("{9A19103F-16F7-4668-BE54-9A1E7A4F7556}") = "AdventOfCode2022_Day09", "AdventOfCode2022_Day09\AdventOfCode2022_Day09.csproj", "{C0B1E8FF-816F-455A-ACAB-FC9D945F7C67}"
EndProject
Project("{9A19103F-16F7-4668-BE54-9A1E7A4F7556}") = "AdventOfCode2022_Day12", "AdventOfCode2022_Day12\AdventOfCode2022_Day12.csproj", "{46EDC0CC-0E36-4DAE-9954-507379BC5556}"
EndProject
Project("{9A19103F-16F7-4668-BE54-9A1E7A4F7556}") = "AdventOfCode2022_Day13", "AdventOfCode2022_Day13\AdventOfCode2022_Day13.csproj", "{1C923A13-C765-4E8F-88A7-F74B9E0E1A48}"
EndProject
Project("{9A19103F-16F7-4668-BE54-9A1E7A4F7556}") = "AdventOfCode2022_Day14", "AdventOfCode2022_Day14\AdventOfCode2022_Day14.csproj", "{9F2FADA5-1EE7-4571-B366-F35121EC72CF}"
EndProject
Project("{FAE04EC0-301F-11D3-BF4B-00C04F79EFBC}") = "AdventOfCode2022_Day15", "AdventOfCode2022_Day15\AdventOfCode2022_Day15.csproj", "{52D35F99-9FC2-4AA1-A36A-A384D4D59DFE}"
EndProject
Global
	GlobalSection(SolutionConfigurationPlatforms) = preSolution
		Debug|Any CPU = Debug|Any CPU
		Release|Any CPU = Release|Any CPU
	EndGlobalSection
	GlobalSection(ProjectConfigurationPlatforms) = postSolution
		{2DB08E06-3647-4A43-BF3C-4ED545902E1F}.Debug|Any CPU.ActiveCfg = Debug|Any CPU
		{2DB08E06-3647-4A43-BF3C-4ED545902E1F}.Debug|Any CPU.Build.0 = Debug|Any CPU
		{2DB08E06-3647-4A43-BF3C-4ED545902E1F}.Release|Any CPU.ActiveCfg = Release|Any CPU
		{2DB08E06-3647-4A43-BF3C-4ED545902E1F}.Release|Any CPU.Build.0 = Release|Any CPU
		{87274538-7522-4577-B409-2DA79438CAC6}.Debug|Any CPU.ActiveCfg = Debug|Any CPU
		{87274538-7522-4577-B409-2DA79438CAC6}.Debug|Any CPU.Build.0 = Debug|Any CPU
		{87274538-7522-4577-B409-2DA79438CAC6}.Release|Any CPU.ActiveCfg = Release|Any CPU
		{87274538-7522-4577-B409-2DA79438CAC6}.Release|Any CPU.Build.0 = Release|Any CPU
		{5D1695AC-4D06-4E2D-B606-E53277FDA922}.Debug|Any CPU.ActiveCfg = Debug|Any CPU
		{5D1695AC-4D06-4E2D-B606-E53277FDA922}.Debug|Any CPU.Build.0 = Debug|Any CPU
		{5D1695AC-4D06-4E2D-B606-E53277FDA922}.Release|Any CPU.ActiveCfg = Release|Any CPU
		{5D1695AC-4D06-4E2D-B606-E53277FDA922}.Release|Any CPU.Build.0 = Release|Any CPU
		{FDE0DAD0-250E-4E5F-A496-37D68C580CFC}.Debug|Any CPU.ActiveCfg = Debug|Any CPU
		{FDE0DAD0-250E-4E5F-A496-37D68C580CFC}.Debug|Any CPU.Build.0 = Debug|Any CPU
		{FDE0DAD0-250E-4E5F-A496-37D68C580CFC}.Release|Any CPU.ActiveCfg = Release|Any CPU
		{FDE0DAD0-250E-4E5F-A496-37D68C580CFC}.Release|Any CPU.Build.0 = Release|Any CPU
		{38CC93D1-BC8E-487C-857E-9AF810DCCACC}.Debug|Any CPU.ActiveCfg = Debug|Any CPU
		{38CC93D1-BC8E-487C-857E-9AF810DCCACC}.Debug|Any CPU.Build.0 = Debug|Any CPU
		{38CC93D1-BC8E-487C-857E-9AF810DCCACC}.Release|Any CPU.ActiveCfg = Release|Any CPU
		{38CC93D1-BC8E-487C-857E-9AF810DCCACC}.Release|Any CPU.Build.0 = Release|Any CPU
		{B0434D94-111E-44D2-9EA0-DAE5E8D94293}.Debug|Any CPU.ActiveCfg = Debug|Any CPU
		{B0434D94-111E-44D2-9EA0-DAE5E8D94293}.Debug|Any CPU.Build.0 = Debug|Any CPU
		{B0434D94-111E-44D2-9EA0-DAE5E8D94293}.Release|Any CPU.ActiveCfg = Release|Any CPU
		{B0434D94-111E-44D2-9EA0-DAE5E8D94293}.Release|Any CPU.Build.0 = Release|Any CPU
		{8E9D1750-7241-415A-BD19-60F809DB0404}.Debug|Any CPU.ActiveCfg = Debug|Any CPU
		{8E9D1750-7241-415A-BD19-60F809DB0404}.Debug|Any CPU.Build.0 = Debug|Any CPU
		{8E9D1750-7241-415A-BD19-60F809DB0404}.Release|Any CPU.ActiveCfg = Release|Any CPU
		{8E9D1750-7241-415A-BD19-60F809DB0404}.Release|Any CPU.Build.0 = Release|Any CPU
		{7AB78235-4065-4745-9070-3E6B3DF1FAB6}.Debug|Any CPU.ActiveCfg = Debug|Any CPU
		{7AB78235-4065-4745-9070-3E6B3DF1FAB6}.Debug|Any CPU.Build.0 = Debug|Any CPU
		{7AB78235-4065-4745-9070-3E6B3DF1FAB6}.Release|Any CPU.ActiveCfg = Release|Any CPU
		{7AB78235-4065-4745-9070-3E6B3DF1FAB6}.Release|Any CPU.Build.0 = Release|Any CPU
		{DF060D6F-E07E-462D-B62B-123FBA3C4320}.Debug|Any CPU.ActiveCfg = Debug|Any CPU
		{DF060D6F-E07E-462D-B62B-123FBA3C4320}.Debug|Any CPU.Build.0 = Debug|Any CPU
		{DF060D6F-E07E-462D-B62B-123FBA3C4320}.Release|Any CPU.ActiveCfg = Release|Any CPU
		{DF060D6F-E07E-462D-B62B-123FBA3C4320}.Release|Any CPU.Build.0 = Release|Any CPU
		{722DA090-9238-40ED-BC87-7EFE3911810D}.Debug|Any CPU.ActiveCfg = Debug|Any CPU
		{722DA090-9238-40ED-BC87-7EFE3911810D}.Debug|Any CPU.Build.0 = Debug|Any CPU
		{722DA090-9238-40ED-BC87-7EFE3911810D}.Release|Any CPU.ActiveCfg = Release|Any CPU
		{722DA090-9238-40ED-BC87-7EFE3911810D}.Release|Any CPU.Build.0 = Release|Any CPU
		{C0B1E8FF-816F-455A-ACAB-FC9D945F7C67}.Debug|Any CPU.ActiveCfg = Debug|Any CPU
		{C0B1E8FF-816F-455A-ACAB-FC9D945F7C67}.Debug|Any CPU.Build.0 = Debug|Any CPU
		{C0B1E8FF-816F-455A-ACAB-FC9D945F7C67}.Release|Any CPU.ActiveCfg = Release|Any CPU
		{C0B1E8FF-816F-455A-ACAB-FC9D945F7C67}.Release|Any CPU.Build.0 = Release|Any CPU
		{46EDC0CC-0E36-4DAE-9954-507379BC5556}.Debug|Any CPU.ActiveCfg = Debug|Any CPU
		{46EDC0CC-0E36-4DAE-9954-507379BC5556}.Debug|Any CPU.Build.0 = Debug|Any CPU
		{46EDC0CC-0E36-4DAE-9954-507379BC5556}.Release|Any CPU.ActiveCfg = Release|Any CPU
		{46EDC0CC-0E36-4DAE-9954-507379BC5556}.Release|Any CPU.Build.0 = Release|Any CPU
		{1C923A13-C765-4E8F-88A7-F74B9E0E1A48}.Debug|Any CPU.ActiveCfg = Debug|Any CPU
		{1C923A13-C765-4E8F-88A7-F74B9E0E1A48}.Debug|Any CPU.Build.0 = Debug|Any CPU
		{1C923A13-C765-4E8F-88A7-F74B9E0E1A48}.Release|Any CPU.ActiveCfg = Release|Any CPU
		{1C923A13-C765-4E8F-88A7-F74B9E0E1A48}.Release|Any CPU.Build.0 = Release|Any CPU
		{9F2FADA5-1EE7-4571-B366-F35121EC72CF}.Debug|Any CPU.ActiveCfg = Debug|Any CPU
		{9F2FADA5-1EE7-4571-B366-F35121EC72CF}.Debug|Any CPU.Build.0 = Debug|Any CPU
		{9F2FADA5-1EE7-4571-B366-F35121EC72CF}.Release|Any CPU.ActiveCfg = Release|Any CPU
		{9F2FADA5-1EE7-4571-B366-F35121EC72CF}.Release|Any CPU.Build.0 = Release|Any CPU
		{52D35F99-9FC2-4AA1-A36A-A384D4D59DFE}.Debug|Any CPU.ActiveCfg = Debug|Any CPU
		{52D35F99-9FC2-4AA1-A36A-A384D4D59DFE}.Debug|Any CPU.Build.0 = Debug|Any CPU
		{52D35F99-9FC2-4AA1-A36A-A384D4D59DFE}.Release|Any CPU.ActiveCfg = Release|Any CPU
		{52D35F99-9FC2-4AA1-A36A-A384D4D59DFE}.Release|Any CPU.Build.0 = Release|Any CPU
	EndGlobalSection
	GlobalSection(SolutionProperties) = preSolution
		HideSolutionNode = FALSE
	EndGlobalSection
	GlobalSection(ExtensibilityGlobals) = postSolution
		SolutionGuid = {22BA1356-811A-4D08-93B7-0C073C0300AD}
	EndGlobalSection
EndGlobal
